
Microsoft Visual Studio Solution File, Format Version 12.00
# Visual Studio Version 17
VisualStudioVersion = 17.13.35931.197 d17.13
MinimumVisualStudioVersion = 10.0.40219.1
Project("{FAE04EC0-301F-11D3-BF4B-00C04F79EFBC}") = "RestoranYonetim", "RestoranYonetim\RestoranYonetim.csproj", "{E5A676C6-A3E6-4292-AF10-A7F5D88D696E}"
EndProject
Global
	GlobalSection(SolutionConfigurationPlatforms) = preSolution
		Debug|Any CPU = Debug|Any CPU
		Release|Any CPU = Release|Any CPU
	EndGlobalSection
	GlobalSection(ProjectConfigurationPlatforms) = postSolution
		{E5A676C6-A3E6-4292-AF10-A7F5D88D696E}.Debug|Any CPU.ActiveCfg = Debug|Any CPU
		{E5A676C6-A3E6-4292-AF10-A7F5D88D696E}.Debug|Any CPU.Build.0 = Debug|Any CPU
		{E5A676C6-A3E6-4292-AF10-A7F5D88D696E}.Release|Any CPU.ActiveCfg = Release|Any CPU
		{E5A676C6-A3E6-4292-AF10-A7F5D88D696E}.Release|Any CPU.Build.0 = Release|Any CPU
	EndGlobalSection
	GlobalSection(SolutionProperties) = preSolution
		HideSolutionNode = FALSE
	EndGlobalSection
	GlobalSection(ExtensibilityGlobals) = postSolution
		SolutionGuid = {B950B6F4-298F-4362-8E26-021DE766B57D}
	EndGlobalSection
EndGlobal
